
Microsoft Visual Studio Solution File, Format Version 12.00
# Visual Studio 15
VisualStudioVersion = 15.0.27130.0
MinimumVisualStudioVersion = 10.0.40219.1
Project("{F2A71F9B-5D33-465A-A702-920D77279786}") = "Krka", "Krka\Krka.fsproj", "{3E1E0A4E-BADF-44F5-BB2D-5EA21F9D0880}"
EndProject
Project("{F2A71F9B-5D33-465A-A702-920D77279786}") = "KrkaTests", "KrkaTests\KrkaTests.fsproj", "{23CBE7C7-6882-47A1-9ED4-3B685A53266B}"
EndProject
Global
	GlobalSection(SolutionConfigurationPlatforms) = preSolution
		Debug|Any CPU = Debug|Any CPU
		Release|Any CPU = Release|Any CPU
	EndGlobalSection
	GlobalSection(ProjectConfigurationPlatforms) = postSolution
		{3E1E0A4E-BADF-44F5-BB2D-5EA21F9D0880}.Debug|Any CPU.ActiveCfg = Debug|Any CPU
		{3E1E0A4E-BADF-44F5-BB2D-5EA21F9D0880}.Debug|Any CPU.Build.0 = Debug|Any CPU
		{3E1E0A4E-BADF-44F5-BB2D-5EA21F9D0880}.Release|Any CPU.ActiveCfg = Release|Any CPU
		{3E1E0A4E-BADF-44F5-BB2D-5EA21F9D0880}.Release|Any CPU.Build.0 = Release|Any CPU
		{23CBE7C7-6882-47A1-9ED4-3B685A53266B}.Debug|Any CPU.ActiveCfg = Debug|Any CPU
		{23CBE7C7-6882-47A1-9ED4-3B685A53266B}.Debug|Any CPU.Build.0 = Debug|Any CPU
		{23CBE7C7-6882-47A1-9ED4-3B685A53266B}.Release|Any CPU.ActiveCfg = Release|Any CPU
		{23CBE7C7-6882-47A1-9ED4-3B685A53266B}.Release|Any CPU.Build.0 = Release|Any CPU
	EndGlobalSection
	GlobalSection(SolutionProperties) = preSolution
		HideSolutionNode = FALSE
	EndGlobalSection
	GlobalSection(ExtensibilityGlobals) = postSolution
		SolutionGuid = {349BE8FB-30BF-4B77-8203-C1F5ACE30665}
	EndGlobalSection
EndGlobal
