
Microsoft Visual Studio Solution File, Format Version 12.00
# Visual Studio 15
VisualStudioVersion = 15.0.27130.0
MinimumVisualStudioVersion = 10.0.40219.1
Project("{F2A71F9B-5D33-465A-A702-920D77279786}") = "Hw5", "PointFree\Hw5.fsproj", "{8D21A665-2ACB-4B3A-BD99-C34B7509A012}"
EndProject
Project("{F2A71F9B-5D33-465A-A702-920D77279786}") = "Hw5Tests", "Hw5Tests\Hw5Tests.fsproj", "{45B02358-A28A-43FD-803F-D978725A39A7}"
EndProject
Global
	GlobalSection(SolutionConfigurationPlatforms) = preSolution
		Debug|Any CPU = Debug|Any CPU
		Release|Any CPU = Release|Any CPU
	EndGlobalSection
	GlobalSection(ProjectConfigurationPlatforms) = postSolution
		{8D21A665-2ACB-4B3A-BD99-C34B7509A012}.Debug|Any CPU.ActiveCfg = Debug|Any CPU
		{8D21A665-2ACB-4B3A-BD99-C34B7509A012}.Debug|Any CPU.Build.0 = Debug|Any CPU
		{8D21A665-2ACB-4B3A-BD99-C34B7509A012}.Release|Any CPU.ActiveCfg = Release|Any CPU
		{8D21A665-2ACB-4B3A-BD99-C34B7509A012}.Release|Any CPU.Build.0 = Release|Any CPU
		{45B02358-A28A-43FD-803F-D978725A39A7}.Debug|Any CPU.ActiveCfg = Debug|Any CPU
		{45B02358-A28A-43FD-803F-D978725A39A7}.Debug|Any CPU.Build.0 = Debug|Any CPU
		{45B02358-A28A-43FD-803F-D978725A39A7}.Release|Any CPU.ActiveCfg = Release|Any CPU
		{45B02358-A28A-43FD-803F-D978725A39A7}.Release|Any CPU.Build.0 = Release|Any CPU
	EndGlobalSection
	GlobalSection(SolutionProperties) = preSolution
		HideSolutionNode = FALSE
	EndGlobalSection
	GlobalSection(ExtensibilityGlobals) = postSolution
		SolutionGuid = {23BEB074-C47B-45AD-B8E6-FB0CC6BA3C65}
	EndGlobalSection
EndGlobal
